Microsoft Visual Studio Solution File, Format Version 12.00
# Visual Studio 2012
Project("{FAE04EC0-301F-11D3-BF4B-00C04F79EFBC}") = "WebRadio", "WebRadio.csproj", "{BFAD5582-C538-4405-A017-C8E55874C28D}"
EndProject
Global
	GlobalSection(SolutionConfigurationPlatforms) = preSolution
	Debug|Any CPU = Debug|Any CPU
	ExportDebug|Any CPU = ExportDebug|Any CPU
	ExportRelease|Any CPU = ExportRelease|Any CPU
	EndGlobalSection
	GlobalSection(ProjectConfigurationPlatforms) = postSolution
		{BFAD5582-C538-4405-A017-C8E55874C28D}.Debug|Any CPU.ActiveCfg = Debug|Any CPU
		{BFAD5582-C538-4405-A017-C8E55874C28D}.Debug|Any CPU.Build.0 = Debug|Any CPU
		{BFAD5582-C538-4405-A017-C8E55874C28D}.ExportDebug|Any CPU.ActiveCfg = ExportDebug|Any CPU
		{BFAD5582-C538-4405-A017-C8E55874C28D}.ExportDebug|Any CPU.Build.0 = ExportDebug|Any CPU
		{BFAD5582-C538-4405-A017-C8E55874C28D}.ExportRelease|Any CPU.ActiveCfg = ExportRelease|Any CPU
		{BFAD5582-C538-4405-A017-C8E55874C28D}.ExportRelease|Any CPU.Build.0 = ExportRelease|Any CPU
	EndGlobalSection
EndGlobal
